<?xml version="1.0" encoding="utf-8"?>
<Project ToolsVersion="4.0" xmlns="http://schemas.microsoft.com/developer/msbuild/2003">
  <ItemGroup>
    <Filter Include="Main">
      <UniqueIdentifier>{7d98c040-361e-4e33-b8b2-3db901232667}</UniqueIdentifier>
    </Filter>
    <Filter Include="Func">
      <UniqueIdentifier>{ccbfb47a-dce8-4ca9-b4db-64dbb7ef4cb8}</UniqueIdentifier>
    </Filter>
  </ItemGroup>
  <ItemGroup>
    <ClCompile Include="main.cpp">
      <Filter>Main</Filter>
    </ClCompile>
    <ClCompile Include="funccpp.cpp">
      <Filter>Func</Filter>
    </ClCompile>
  </ItemGroup>
  <ItemGroup>
    <ClInclude Include="func.h">
      <Filter>Func</Filter>
    </ClInclude>
  </ItemGroup>
</Project>